
Microsoft Visual Studio Solution File, Format Version 12.00
Project("{FAE04EC0-301F-11D3-BF4B-00C04F79EFBC}") = "FactorFinder", "FactorFinder\FactorFinder.csproj", "{6AD75E25-F4AB-4CBE-8AA6-70A6EB020253}"
EndProject
Project("{FAE04EC0-301F-11D3-BF4B-00C04F79EFBC}") = "fun", "fun\fun.csproj", "{777D97EA-160F-43F4-A07C-32FFEDDD8D52}"
EndProject
Global
	GlobalSection(SolutionConfigurationPlatforms) = preSolution
		Debug|Any CPU = Debug|Any CPU
		Release|Any CPU = Release|Any CPU
	EndGlobalSection
	GlobalSection(ProjectConfigurationPlatforms) = postSolution
		{6AD75E25-F4AB-4CBE-8AA6-70A6EB020253}.Debug|Any CPU.ActiveCfg = Debug|Any CPU
		{6AD75E25-F4AB-4CBE-8AA6-70A6EB020253}.Debug|Any CPU.Build.0 = Debug|Any CPU
		{6AD75E25-F4AB-4CBE-8AA6-70A6EB020253}.Release|Any CPU.ActiveCfg = Release|Any CPU
		{6AD75E25-F4AB-4CBE-8AA6-70A6EB020253}.Release|Any CPU.Build.0 = Release|Any CPU
		{777D97EA-160F-43F4-A07C-32FFEDDD8D52}.Debug|Any CPU.ActiveCfg = Debug|Any CPU
		{777D97EA-160F-43F4-A07C-32FFEDDD8D52}.Debug|Any CPU.Build.0 = Debug|Any CPU
		{777D97EA-160F-43F4-A07C-32FFEDDD8D52}.Release|Any CPU.ActiveCfg = Release|Any CPU
		{777D97EA-160F-43F4-A07C-32FFEDDD8D52}.Release|Any CPU.Build.0 = Release|Any CPU
	EndGlobalSection
EndGlobal
